// !$*UTF8*$!
{
	archiveVersion = 1;
	classes = {
	};
	objectVersion = 56;
	objects = {

/* Begin PBXBuildFile section */
		93359B4F297113D900E946B8 /* AppDelegate.swift in Sources */ = {isa = PBXBuildFile; fileRef = 93359B4E297113D900E946B8 /* AppDelegate.swift */; };
		93359B51297113D900E946B8 /* SceneDelegate.swift in Sources */ = {isa = PBXBuildFile; fileRef = 93359B50297113D900E946B8 /* SceneDelegate.swift */; };
		93359B53297113D900E946B8 /* WelcomeViewController.swift in Sources */ = {isa = PBXBuildFile; fileRef = 93359B52297113D900E946B8 /* WelcomeViewController.swift */; };
		93359B58297113DA00E946B8 /* Assets.xcassets in Resources */ = {isa = PBXBuildFile; fileRef = 93359B57297113DA00E946B8 /* Assets.xcassets */; };
		93359B5B297113DA00E946B8 /* LaunchScreen.storyboard in Resources */ = {isa = PBXBuildFile; fileRef = 93359B59297113DA00E946B8 /* LaunchScreen.storyboard */; };
		9345D508297131490054C633 /* RegisterViewController.swift in Sources */ = {isa = PBXBuildFile; fileRef = 9345D507297131490054C633 /* RegisterViewController.swift */; };
		9345D50A2971314E0054C633 /* LoginViewController.swift in Sources */ = {isa = PBXBuildFile; fileRef = 9345D5092971314E0054C633 /* LoginViewController.swift */; };
		9345D50C297138ED0054C633 /* ChatViewController.swift in Sources */ = {isa = PBXBuildFile; fileRef = 9345D50B297138ED0054C633 /* ChatViewController.swift */; };
		936F94F129716E9B00AA1BB9 /* FirebaseAuth in Frameworks */ = {isa = PBXBuildFile; productRef = 936F94F029716E9B00AA1BB9 /* FirebaseAuth */; };
		936F94F329716E9B00AA1BB9 /* FirebaseFirestore in Frameworks */ = {isa = PBXBuildFile; productRef = 936F94F229716E9B00AA1BB9 /* FirebaseFirestore */; };
		937E3BC1297191E40086765B /* GoogleService-Info.plist in Resources */ = {isa = PBXBuildFile; fileRef = 937E3BC0297191E40086765B /* GoogleService-Info.plist */; };
		938328762974192E00778A63 /* Utils.swift in Sources */ = {isa = PBXBuildFile; fileRef = 938328752974192E00778A63 /* Utils.swift */; };
		9383287E2974243400778A63 /* Message.swift in Sources */ = {isa = PBXBuildFile; fileRef = 9383287D2974243400778A63 /* Message.swift */; };
		938328802974246B00778A63 /* MessageCell.swift in Sources */ = {isa = PBXBuildFile; fileRef = 9383287F2974246B00778A63 /* MessageCell.swift */; };
		A3C314E6ED1624423CD689BB /* libPods-FlashChat Programmatic.a in Frameworks */ = {isa = PBXBuildFile; fileRef = 21D32D0E17359E9929D20495 /* libPods-FlashChat Programmatic.a */; };
/* End PBXBuildFile section */

/* Begin PBXFileReference section */
		21D32D0E17359E9929D20495 /* libPods-FlashChat Programmatic.a */ = {isa = PBXFileReference; explicitFileType = archive.ar; includeInIndex = 0; path = "libPods-FlashChat Programmatic.a"; sourceTree = BUILT_PRODUCTS_DIR; };
		93359B4B297113D900E946B8 /* FlashChat Programmatic.app */ = {isa = PBXFileReference; explicitFileType = wrapper.application; includeInIndex = 0; path = "FlashChat Programmatic.app"; sourceTree = BUILT_PRODUCTS_DIR; };
		93359B4E297113D900E946B8 /* AppDelegate.swift */ = {isa = PBXFileReference; lastKnownFileType = sourcecode.swift; path = AppDelegate.swift; sourceTree = "<group>"; };
		93359B50297113D900E946B8 /* SceneDelegate.swift */ = {isa = PBXFileReference; lastKnownFileType = sourcecode.swift; path = SceneDelegate.swift; sourceTree = "<group>"; };
		93359B52297113D900E946B8 /* WelcomeViewController.swift */ = {isa = PBXFileReference; lastKnownFileType = sourcecode.swift; path = WelcomeViewController.swift; sourceTree = "<group>"; };
		93359B57297113DA00E946B8 /* Assets.xcassets */ = {isa = PBXFileReference; lastKnownFileType = folder.assetcatalog; path = Assets.xcassets; sourceTree = "<group>"; };
		93359B5A297113DA00E946B8 /* Base */ = {isa = PBXFileReference; lastKnownFileType = file.storyboard; name = Base; path = Base.lproj/LaunchScreen.storyboard; sourceTree = "<group>"; };
		93359B5C297113DA00E946B8 /* Info.plist */ = {isa = PBXFileReference; lastKnownFileType = text.plist.xml; path = Info.plist; sourceTree = "<group>"; };
		9345D507297131490054C633 /* RegisterViewController.swift */ = {isa = PBXFileReference; lastKnownFileType = sourcecode.swift; path = RegisterViewController.swift; sourceTree = "<group>"; };
		9345D5092971314E0054C633 /* LoginViewController.swift */ = {isa = PBXFileReference; lastKnownFileType = sourcecode.swift; path = LoginViewController.swift; sourceTree = "<group>"; };
		9345D50B297138ED0054C633 /* ChatViewController.swift */ = {isa = PBXFileReference; lastKnownFileType = sourcecode.swift; path = ChatViewController.swift; sourceTree = "<group>"; };
		937E3BC0297191E40086765B /* GoogleService-Info.plist */ = {isa = PBXFileReference; fileEncoding = 4; lastKnownFileType = text.plist.xml; name = "GoogleService-Info.plist"; path = "../../GoogleService-Info.plist"; sourceTree = "<group>"; };
		938328752974192E00778A63 /* Utils.swift */ = {isa = PBXFileReference; lastKnownFileType = sourcecode.swift; path = Utils.swift; sourceTree = "<group>"; };
		9383287D2974243400778A63 /* Message.swift */ = {isa = PBXFileReference; lastKnownFileType = sourcecode.swift; path = Message.swift; sourceTree = "<group>"; };
		9383287F2974246B00778A63 /* MessageCell.swift */ = {isa = PBXFileReference; lastKnownFileType = sourcecode.swift; path = MessageCell.swift; sourceTree = "<group>"; };
		AD2347394F047EB27F5D1E78 /* Pods-FlashChat Programmatic.debug.xcconfig */ = {isa = PBXFileReference; includeInIndex = 1; lastKnownFileType = text.xcconfig; name = "Pods-FlashChat Programmatic.debug.xcconfig"; path = "Target Support Files/Pods-FlashChat Programmatic/Pods-FlashChat Programmatic.debug.xcconfig"; sourceTree = "<group>"; };
		D178B18F969416AE1A0BA065 /* Pods-FlashChat Programmatic.release.xcconfig */ = {isa = PBXFileReference; includeInIndex = 1; lastKnownFileType = text.xcconfig; name = "Pods-FlashChat Programmatic.release.xcconfig"; path = "Target Support Files/Pods-FlashChat Programmatic/Pods-FlashChat Programmatic.release.xcconfig"; sourceTree = "<group>"; };
/* End PBXFileReference section */

/* Begin PBXFrameworksBuildPhase section */
		93359B48297113D900E946B8 /* Frameworks */ = {
			isa = PBXFrameworksBuildPhase;
			buildActionMask = 2147483647;
			files = (
				936F94F129716E9B00AA1BB9 /* FirebaseAuth in Frameworks */,
				936F94F329716E9B00AA1BB9 /* FirebaseFirestore in Frameworks */,
				A3C314E6ED1624423CD689BB /* libPods-FlashChat Programmatic.a in Frameworks */,
			);
			runOnlyForDeploymentPostprocessing = 0;
		};
/* End PBXFrameworksBuildPhase section */

/* Begin PBXGroup section */
		34EBCD8F08B00D674DDB1E1B /* Frameworks */ = {
			isa = PBXGroup;
			children = (
				21D32D0E17359E9929D20495 /* libPods-FlashChat Programmatic.a */,
			);
			name = Frameworks;
			sourceTree = "<group>";
		};
		49BE2E1AF32BD88180957EAA /* Pods */ = {
			isa = PBXGroup;
			children = (
				AD2347394F047EB27F5D1E78 /* Pods-FlashChat Programmatic.debug.xcconfig */,
				D178B18F969416AE1A0BA065 /* Pods-FlashChat Programmatic.release.xcconfig */,
			);
			name = Pods;
			path = ../Pods;
			sourceTree = "<group>";
		};
		93359B42297113D900E946B8 = {
			isa = PBXGroup;
			children = (
				93359B4D297113D900E946B8 /* FlashChat Programmatic */,
				93359B4C297113D900E946B8 /* Products */,
				49BE2E1AF32BD88180957EAA /* Pods */,
				34EBCD8F08B00D674DDB1E1B /* Frameworks */,
			);
			sourceTree = "<group>";
		};
		93359B4C297113D900E946B8 /* Products */ = {
			isa = PBXGroup;
			children = (
				93359B4B297113D900E946B8 /* FlashChat Programmatic.app */,
			);
			name = Products;
			sourceTree = "<group>";
		};
		93359B4D297113D900E946B8 /* FlashChat Programmatic */ = {
			isa = PBXGroup;
			children = (
				93359B4E297113D900E946B8 /* AppDelegate.swift */,
				93359B50297113D900E946B8 /* SceneDelegate.swift */,
				938328752974192E00778A63 /* Utils.swift */,
				93832885297434A200778A63 /* Model */,
				93832886297434AC00778A63 /* View */,
				938328842974349800778A63 /* Controller */,
				93359B57297113DA00E946B8 /* Assets.xcassets */,
				93359B59297113DA00E946B8 /* LaunchScreen.storyboard */,
				93359B5C297113DA00E946B8 /* Info.plist */,
				937E3BC0297191E40086765B /* GoogleService-Info.plist */,
			);
			path = "FlashChat Programmatic";
			sourceTree = "<group>";
		};
		938328842974349800778A63 /* Controller */ = {
			isa = PBXGroup;
			children = (
				93359B52297113D900E946B8 /* WelcomeViewController.swift */,
				9345D507297131490054C633 /* RegisterViewController.swift */,
				9345D5092971314E0054C633 /* LoginViewController.swift */,
				9345D50B297138ED0054C633 /* ChatViewController.swift */,
			);
			path = Controller;
			sourceTree = "<group>";
		};
		93832885297434A200778A63 /* Model */ = {
			isa = PBXGroup;
			children = (
				9383287D2974243400778A63 /* Message.swift */,
			);
			path = Model;
			sourceTree = "<group>";
		};
		93832886297434AC00778A63 /* View */ = {
			isa = PBXGroup;
			children = (
				9383287F2974246B00778A63 /* MessageCell.swift */,
			);
			path = View;
			sourceTree = "<group>";
		};
/* End PBXGroup section */

/* Begin PBXNativeTarget section */
		93359B4A297113D900E946B8 /* FlashChat Programmatic */ = {
			isa = PBXNativeTarget;
			buildConfigurationList = 93359B5F297113DA00E946B8 /* Build configuration list for PBXNativeTarget "FlashChat Programmatic" */;
			buildPhases = (
				CAE912F976695B9D118069B2 /* [CP] Check Pods Manifest.lock */,
				93359B47297113D900E946B8 /* Sources */,
				93359B48297113D900E946B8 /* Frameworks */,
				93359B49297113D900E946B8 /* Resources */,
			);
			buildRules = (
			);
			dependencies = (
			);
			name = "FlashChat Programmatic";
			packageProductDependencies = (
				936F94F029716E9B00AA1BB9 /* FirebaseAuth */,
				936F94F229716E9B00AA1BB9 /* FirebaseFirestore */,
			);
			productName = "FlashChat Programmatic";
			productReference = 93359B4B297113D900E946B8 /* FlashChat Programmatic.app */;
			productType = "com.apple.product-type.application";
		};
/* End PBXNativeTarget section */

/* Begin PBXProject section */
		93359B43297113D900E946B8 /* Project object */ = {
			isa = PBXProject;
			attributes = {
				BuildIndependentTargetsInParallel = 1;
				LastSwiftUpdateCheck = 1420;
				LastUpgradeCheck = 1420;
				TargetAttributes = {
					93359B4A297113D900E946B8 = {
						CreatedOnToolsVersion = 14.2;
					};
				};
			};
			buildConfigurationList = 93359B46297113D900E946B8 /* Build configuration list for PBXProject "FlashChat Programmatic" */;
			compatibilityVersion = "Xcode 14.0";
			developmentRegion = en;
			hasScannedForEncodings = 0;
			knownRegions = (
				en,
				Base,
			);
			mainGroup = 93359B42297113D900E946B8;
			packageReferences = (
				936F94EF29716E9B00AA1BB9 /* XCRemoteSwiftPackageReference "firebase-ios-sdk" */,
			);
			productRefGroup = 93359B4C297113D900E946B8 /* Products */;
			projectDirPath = "";
			projectRoot = "";
			targets = (
				93359B4A297113D900E946B8 /* FlashChat Programmatic */,
			);
		};
/* End PBXProject section */

/* Begin PBXResourcesBuildPhase section */
		93359B49297113D900E946B8 /* Resources */ = {
			isa = PBXResourcesBuildPhase;
			buildActionMask = 2147483647;
			files = (
				93359B5B297113DA00E946B8 /* LaunchScreen.storyboard in Resources */,
				93359B58297113DA00E946B8 /* Assets.xcassets in Resources */,
				937E3BC1297191E40086765B /* GoogleService-Info.plist in Resources */,
			);
			runOnlyForDeploymentPostprocessing = 0;
		};
/* End PBXResourcesBuildPhase section */

/* Begin PBXShellScriptBuildPhase section */
		CAE912F976695B9D118069B2 /* [CP] Check Pods Manifest.lock */ = {
			isa = PBXShellScriptBuildPhase;
			buildActionMask = 2147483647;
			files = (
			);
			inputFileListPaths = (
			);
			inputPaths = (
				"${PODS_PODFILE_DIR_PATH}/Podfile.lock",
				"${PODS_ROOT}/Manifest.lock",
			);
			name = "[CP] Check Pods Manifest.lock";
			outputFileListPaths = (
			);
			outputPaths = (
				"$(DERIVED_FILE_DIR)/Pods-FlashChat Programmatic-checkManifestLockResult.txt",
			);
			runOnlyForDeploymentPostprocessing = 0;
			shellPath = /bin/sh;
			shellScript = "diff \"${PODS_PODFILE_DIR_PATH}/Podfile.lock\" \"${PODS_ROOT}/Manifest.lock\" > /dev/null\nif [ $? != 0 ] ; then\n    # print error to STDERR\n    echo \"error: The sandbox is not in sync with the Podfile.lock. Run 'pod install' or update your CocoaPods installation.\" >&2\n    exit 1\nfi\n# This output is used by Xcode 'outputs' to avoid re-running this script phase.\necho \"SUCCESS\" > \"${SCRIPT_OUTPUT_FILE_0}\"\n";
			showEnvVarsInLog = 0;
		};
/* End PBXShellScriptBuildPhase section */

/* Begin PBXSourcesBuildPhase section */
		93359B47297113D900E946B8 /* Sources */ = {
			isa = PBXSourcesBuildPhase;
			buildActionMask = 2147483647;
			files = (
				93359B53297113D900E946B8 /* WelcomeViewController.swift in Sources */,
				93359B4F297113D900E946B8 /* AppDelegate.swift in Sources */,
				93359B51297113D900E946B8 /* SceneDelegate.swift in Sources */,
				9345D50A2971314E0054C633 /* LoginViewController.swift in Sources */,
				938328762974192E00778A63 /* Utils.swift in Sources */,
				9383287E2974243400778A63 /* Message.swift in Sources */,
				9345D50C297138ED0054C633 /* ChatViewController.swift in Sources */,
				9345D508297131490054C633 /* RegisterViewController.swift in Sources */,
				938328802974246B00778A63 /* MessageCell.swift in Sources */,
			);
			runOnlyForDeploymentPostprocessing = 0;
		};
/* End PBXSourcesBuildPhase section */

/* Begin PBXVariantGroup section */
		93359B59297113DA00E946B8 /* LaunchScreen.storyboard */ = {
			isa = PBXVariantGroup;
			children = (
				93359B5A297113DA00E946B8 /* Base */,
			);
			name = LaunchScreen.storyboard;
			sourceTree = "<group>";
		};
/* End PBXVariantGroup section */

/* Begin XCBuildConfiguration section */
		93359B5D297113DA00E946B8 /* Debug */ = {
			isa = XCBuildConfiguration;
			buildSettings = {
				ALWAYS_SEARCH_USER_PATHS = NO;
				CLANG_ANALYZER_NONNULL = YES;
				CLANG_ANALYZER_NUMBER_OBJECT_CONVERSION = YES_AGGRESSIVE;
				CLANG_CXX_LANGUAGE_STANDARD = "gnu++20";
				CLANG_ENABLE_MODULES = YES;
				CLANG_ENABLE_OBJC_ARC = YES;
				CLANG_ENABLE_OBJC_WEAK = YES;
				CLANG_WARN_BLOCK_CAPTURE_AUTORELEASING = YES;
				CLANG_WARN_BOOL_CONVERSION = YES;
				CLANG_WARN_COMMA = YES;
				CLANG_WARN_CONSTANT_CONVERSION = YES;
				CLANG_WARN_DEPRECATED_OBJC_IMPLEMENTATIONS = YES;
				CLANG_WARN_DIRECT_OBJC_ISA_USAGE = YES_ERROR;
				CLANG_WARN_DOCUMENTATION_COMMENTS = YES;
				CLANG_WARN_EMPTY_BODY = YES;
				CLANG_WARN_ENUM_CONVERSION = YES;
				CLANG_WARN_INFINITE_RECURSION = YES;
				CLANG_WARN_INT_CONVERSION = YES;
				CLANG_WARN_NON_LITERAL_NULL_CONVERSION = YES;
				CLANG_WARN_OBJC_IMPLICIT_RETAIN_SELF = YES;
				CLANG_WARN_OBJC_LITERAL_CONVERSION = YES;
				CLANG_WARN_OBJC_ROOT_CLASS = YES_ERROR;
				CLANG_WARN_QUOTED_INCLUDE_IN_FRAMEWORK_HEADER = YES;
				CLANG_WARN_RANGE_LOOP_ANALYSIS = YES;
				CLANG_WARN_STRICT_PROTOTYPES = YES;
				CLANG_WARN_SUSPICIOUS_MOVE = YES;
				CLANG_WARN_UNGUARDED_AVAILABILITY = YES_AGGRESSIVE;
				CLANG_WARN_UNREACHABLE_CODE = YES;
				CLANG_WARN__DUPLICATE_METHOD_MATCH = YES;
				COPY_PHASE_STRIP = NO;
				DEBUG_INFORMATION_FORMAT = dwarf;
				ENABLE_STRICT_OBJC_MSGSEND = YES;
				ENABLE_TESTABILITY = YES;
				GCC_C_LANGUAGE_STANDARD = gnu11;
				GCC_DYNAMIC_NO_PIC = NO;
				GCC_NO_COMMON_BLOCKS = YES;
				GCC_OPTIMIZATION_LEVEL = 0;
				GCC_PREPROCESSOR_DEFINITIONS = (
					"DEBUG=1",
					"$(inherited)",
				);
				GCC_WARN_64_TO_32_BIT_CONVERSION = YES;
				GCC_WARN_ABOUT_RETURN_TYPE = YES_ERROR;
				GCC_WARN_UNDECLARED_SELECTOR = YES;
				GCC_WARN_UNINITIALIZED_AUTOS = YES_AGGRESSIVE;
				GCC_WARN_UNUSED_FUNCTION = YES;
				GCC_WARN_UNUSED_VARIABLE = YES;
				IPHONEOS_DEPLOYMENT_TARGET = 16.2;
				MTL_ENABLE_DEBUG_INFO = INCLUDE_SOURCE;
				MTL_FAST_MATH = YES;
				ONLY_ACTIVE_ARCH = YES;
				SDKROOT = iphoneos;
				SWIFT_ACTIVE_COMPILATION_CONDITIONS = DEBUG;
				SWIFT_OPTIMIZATION_LEVEL = "-Onone";
			};
			name = Debug;
		};
		93359B5E297113DA00E946B8 /* Release */ = {
			isa = XCBuildConfiguration;
			buildSettings = {
				ALWAYS_SEARCH_USER_PATHS = NO;
				CLANG_ANALYZER_NONNULL = YES;
				CLANG_ANALYZER_NUMBER_OBJECT_CONVERSION = YES_AGGRESSIVE;
				CLANG_CXX_LANGUAGE_STANDARD = "gnu++20";
				CLANG_ENABLE_MODULES = YES;
				CLANG_ENABLE_OBJC_ARC = YES;
				CLANG_ENABLE_OBJC_WEAK = YES;
				CLANG_WARN_BLOCK_CAPTURE_AUTORELEASING = YES;
				CLANG_WARN_BOOL_CONVERSION = YES;
				CLANG_WARN_COMMA = YES;
				CLANG_WARN_CONSTANT_CONVERSION = YES;
				CLANG_WARN_DEPRECATED_OBJC_IMPLEMENTATIONS = YES;
				CLANG_WARN_DIRECT_OBJC_ISA_USAGE = YES_ERROR;
				CLANG_WARN_DOCUMENTATION_COMMENTS = YES;
				CLANG_WARN_EMPTY_BODY = YES;
				CLANG_WARN_ENUM_CONVERSION = YES;
				CLANG_WARN_INFINITE_RECURSION = YES;
				CLANG_WARN_INT_CONVERSION = YES;
				CLANG_WARN_NON_LITERAL_NULL_CONVERSION = YES;
				CLANG_WARN_OBJC_IMPLICIT_RETAIN_SELF = YES;
				CLANG_WARN_OBJC_LITERAL_CONVERSION = YES;
				CLANG_WARN_OBJC_ROOT_CLASS = YES_ERROR;
				CLANG_WARN_QUOTED_INCLUDE_IN_FRAMEWORK_HEADER = YES;
				CLANG_WARN_RANGE_LOOP_ANALYSIS = YES;
				CLANG_WARN_STRICT_PROTOTYPES = YES;
				CLANG_WARN_SUSPICIOUS_MOVE = YES;
				CLANG_WARN_UNGUARDED_AVAILABILITY = YES_AGGRESSIVE;
				CLANG_WARN_UNREACHABLE_CODE = YES;
				CLANG_WARN__DUPLICATE_METHOD_MATCH = YES;
				COPY_PHASE_STRIP = NO;
				DEBUG_INFORMATION_FORMAT = "dwarf-with-dsym";
				ENABLE_NS_ASSERTIONS = NO;
				ENABLE_STRICT_OBJC_MSGSEND = YES;
				GCC_C_LANGUAGE_STANDARD = gnu11;
				GCC_NO_COMMON_BLOCKS = YES;
				GCC_WARN_64_TO_32_BIT_CONVERSION = YES;
				GCC_WARN_ABOUT_RETURN_TYPE = YES_ERROR;
				GCC_WARN_UNDECLARED_SELECTOR = YES;
				GCC_WARN_UNINITIALIZED_AUTOS = YES_AGGRESSIVE;
				GCC_WARN_UNUSED_FUNCTION = YES;
				GCC_WARN_UNUSED_VARIABLE = YES;
				IPHONEOS_DEPLOYMENT_TARGET = 16.2;
				MTL_ENABLE_DEBUG_INFO = NO;
				MTL_FAST_MATH = YES;
				SDKROOT = iphoneos;
				SWIFT_COMPILATION_MODE = wholemodule;
				SWIFT_OPTIMIZATION_LEVEL = "-O";
				VALIDATE_PRODUCT = YES;
			};
			name = Release;
		};
		93359B60297113DA00E946B8 /* Debug */ = {
			isa = XCBuildConfiguration;
			baseConfigurationReference = AD2347394F047EB27F5D1E78 /* Pods-FlashChat Programmatic.debug.xcconfig */;
			buildSettings = {
				ASSETCATALOG_COMPILER_APPICON_NAME = AppIcon;
				ASSETCATALOG_COMPILER_GLOBAL_ACCENT_COLOR_NAME = AccentColor;
				CODE_SIGN_STYLE = Automatic;
				CURRENT_PROJECT_VERSION = 1;
				GENERATE_INFOPLIST_FILE = YES;
				INFOPLIST_FILE = "FlashChat Programmatic/Info.plist";
				INFOPLIST_KEY_UIApplicationSupportsIndirectInputEvents = YES;
				INFOPLIST_KEY_UILaunchStoryboardName = LaunchScreen;
				INFOPLIST_KEY_UISupportedInterfaceOrientations_iPad = "UIInterfaceOrientationPortrait UIInterfaceOrientationPortraitUpsideDown UIInterfaceOrientationLandscapeLeft UIInterfaceOrientationLandscapeRight";
				INFOPLIST_KEY_UISupportedInterfaceOrientations_iPhone = "UIInterfaceOrientationPortrait UIInterfaceOrientationLandscapeLeft UIInterfaceOrientationLandscapeRight";
				LD_RUNPATH_SEARCH_PATHS = (
					"$(inherited)",
					"@executable_path/Frameworks",
				);
				MARKETING_VERSION = 1.0;
				PRODUCT_BUNDLE_IDENTIFIER = "com.example.FlashChat-Programmatic";
				PRODUCT_NAME = "$(TARGET_NAME)";
				SWIFT_EMIT_LOC_STRINGS = YES;
				SWIFT_VERSION = 5.0;
				TARGETED_DEVICE_FAMILY = "1,2";
			};
			name = Debug;
		};
		93359B61297113DA00E946B8 /* Release */ = {
			isa = XCBuildConfiguration;
			baseConfigurationReference = D178B18F969416AE1A0BA065 /* Pods-FlashChat Programmatic.release.xcconfig */;
			buildSettings = {
				ASSETCATALOG_COMPILER_APPICON_NAME = AppIcon;
				ASSETCATALOG_COMPILER_GLOBAL_ACCENT_COLOR_NAME = AccentColor;
				CODE_SIGN_STYLE = Automatic;
				CURRENT_PROJECT_VERSION = 1;
				GENERATE_INFOPLIST_FILE = YES;
				INFOPLIST_FILE = "FlashChat Programmatic/Info.plist";
				INFOPLIST_KEY_UIApplicationSupportsIndirectInputEvents = YES;
				INFOPLIST_KEY_UILaunchStoryboardName = LaunchScreen;
				INFOPLIST_KEY_UISupportedInterfaceOrientations_iPad = "UIInterfaceOrientationPortrait UIInterfaceOrientationPortraitUpsideDown UIInterfaceOrientationLandscapeLeft UIInterfaceOrientationLandscapeRight";
				INFOPLIST_KEY_UISupportedInterfaceOrientations_iPhone = "UIInterfaceOrientationPortrait UIInterfaceOrientationLandscapeLeft UIInterfaceOrientationLandscapeRight";
				LD_RUNPATH_SEARCH_PATHS = (
					"$(inherited)",
					"@executable_path/Frameworks",
				);
				MARKETING_VERSION = 1.0;
				PRODUCT_BUNDLE_IDENTIFIER = "com.example.FlashChat-Programmatic";
				PRODUCT_NAME = "$(TARGET_NAME)";
				SWIFT_EMIT_LOC_STRINGS = YES;
				SWIFT_VERSION = 5.0;
				TARGETED_DEVICE_FAMILY = "1,2";
			};
			name = Release;
		};
/* End XCBuildConfiguration section */

/* Begin XCConfigurationList section */
		93359B46297113D900E946B8 /* Build configuration list for PBXProject "FlashChat Programmatic" */ = {
			isa = XCConfigurationList;
			buildConfigurations = (
				93359B5D297113DA00E946B8 /* Debug */,
				93359B5E297113DA00E946B8 /* Release */,
			);
			defaultConfigurationIsVisible = 0;
			defaultConfigurationName = Release;
		};
		93359B5F297113DA00E946B8 /* Build configuration list for PBXNativeTarget "FlashChat Programmatic" */ = {
			isa = XCConfigurationList;
			buildConfigurations = (
				93359B60297113DA00E946B8 /* Debug */,
				93359B61297113DA00E946B8 /* Release */,
			);
			defaultConfigurationIsVisible = 0;
			defaultConfigurationName = Release;
		};
/* End XCConfigurationList section */

/* Begin XCRemoteSwiftPackageReference section */
		936F94EF29716E9B00AA1BB9 /* XCRemoteSwiftPackageReference "firebase-ios-sdk" */ = {
			isa = XCRemoteSwiftPackageReference;
			repositoryURL = "https://github.com/firebase/firebase-ios-sdk";
			requirement = {
				kind = upToNextMajorVersion;
				minimumVersion = 9.0.0;
			};
		};
/* End XCRemoteSwiftPackageReference section */

/* Begin XCSwiftPackageProductDependency section */
		936F94F029716E9B00AA1BB9 /* FirebaseAuth */ = {
			isa = XCSwiftPackageProductDependency;
			package = 936F94EF29716E9B00AA1BB9 /* XCRemoteSwiftPackageReference "firebase-ios-sdk" */;
			productName = FirebaseAuth;
		};
		936F94F229716E9B00AA1BB9 /* FirebaseFirestore */ = {
			isa = XCSwiftPackageProductDependency;
			package = 936F94EF29716E9B00AA1BB9 /* XCRemoteSwiftPackageReference "firebase-ios-sdk" */;
			productName = FirebaseFirestore;
		};
/* End XCSwiftPackageProductDependency section */
	};
	rootObject = 93359B43297113D900E946B8 /* Project object */;
}
