// !$*UTF8*$!
{
	archiveVersion = 1;
	classes = {
	};
	objectVersion = 56;
	objects = {

/* Begin PBXBuildFile section */
		16A832B21F982348E7DC3D37 /* libPods-FlashChat Storyboard.a in Frameworks */ = {isa = PBXBuildFile; fileRef = 3F49630549781ACB32372B41 /* libPods-FlashChat Storyboard.a */; };
		93359B2F297113BE00E946B8 /* AppDelegate.swift in Sources */ = {isa = PBXBuildFile; fileRef = 93359B2E297113BE00E946B8 /* AppDelegate.swift */; };
		93359B31297113BE00E946B8 /* SceneDelegate.swift in Sources */ = {isa = PBXBuildFile; fileRef = 93359B30297113BE00E946B8 /* SceneDelegate.swift */; };
		93359B33297113BE00E946B8 /* WelcomeViewController.swift in Sources */ = {isa = PBXBuildFile; fileRef = 93359B32297113BE00E946B8 /* WelcomeViewController.swift */; };
		93359B36297113BE00E946B8 /* Main.storyboard in Resources */ = {isa = PBXBuildFile; fileRef = 93359B34297113BE00E946B8 /* Main.storyboard */; };
		93359B38297113BF00E946B8 /* Assets.xcassets in Resources */ = {isa = PBXBuildFile; fileRef = 93359B37297113BF00E946B8 /* Assets.xcassets */; };
		93359B3B297113BF00E946B8 /* LaunchScreen.storyboard in Resources */ = {isa = PBXBuildFile; fileRef = 93359B39297113BF00E946B8 /* LaunchScreen.storyboard */; };
		9345D506297130810054C633 /* LoginViewController.swift in Sources */ = {isa = PBXBuildFile; fileRef = 9345D505297130810054C633 /* LoginViewController.swift */; };
		9345D50E297138F90054C633 /* ChatViewController.swift in Sources */ = {isa = PBXBuildFile; fileRef = 9345D50D297138F90054C633 /* ChatViewController.swift */; };
		936F94EC29716E6500AA1BB9 /* FirebaseAuth in Frameworks */ = {isa = PBXBuildFile; productRef = 936F94EB29716E6500AA1BB9 /* FirebaseAuth */; };
		936F94EE29716E6500AA1BB9 /* FirebaseFirestore in Frameworks */ = {isa = PBXBuildFile; productRef = 936F94ED29716E6500AA1BB9 /* FirebaseFirestore */; };
		937E3BBF297191DB0086765B /* GoogleService-Info.plist in Resources */ = {isa = PBXBuildFile; fileRef = 937E3BBE297191DB0086765B /* GoogleService-Info.plist */; };
		938328742974191C00778A63 /* Utils.swift in Sources */ = {isa = PBXBuildFile; fileRef = 938328732974191C00778A63 /* Utils.swift */; };
		9383287829741A1000778A63 /* Message.swift in Sources */ = {isa = PBXBuildFile; fileRef = 9383287729741A1000778A63 /* Message.swift */; };
		9383287B29741F3000778A63 /* MessageCell.swift in Sources */ = {isa = PBXBuildFile; fileRef = 9383287929741F3000778A63 /* MessageCell.swift */; };
		9383287C29741F3000778A63 /* MessageCell.xib in Resources */ = {isa = PBXBuildFile; fileRef = 9383287A29741F3000778A63 /* MessageCell.xib */; };
		93FDDA8C297123DF003F6BBE /* RegisterViewController.swift in Sources */ = {isa = PBXBuildFile; fileRef = 93FDDA8B297123DF003F6BBE /* RegisterViewController.swift */; };
/* End PBXBuildFile section */

/* Begin PBXFileReference section */
		3F49630549781ACB32372B41 /* libPods-FlashChat Storyboard.a */ = {isa = PBXFileReference; explicitFileType = archive.ar; includeInIndex = 0; path = "libPods-FlashChat Storyboard.a"; sourceTree = BUILT_PRODUCTS_DIR; };
		93359B2B297113BE00E946B8 /* FlashChat Storyboard.app */ = {isa = PBXFileReference; explicitFileType = wrapper.application; includeInIndex = 0; path = "FlashChat Storyboard.app"; sourceTree = BUILT_PRODUCTS_DIR; };
		93359B2E297113BE00E946B8 /* AppDelegate.swift */ = {isa = PBXFileReference; lastKnownFileType = sourcecode.swift; path = AppDelegate.swift; sourceTree = "<group>"; };
		93359B30297113BE00E946B8 /* SceneDelegate.swift */ = {isa = PBXFileReference; lastKnownFileType = sourcecode.swift; path = SceneDelegate.swift; sourceTree = "<group>"; };
		93359B32297113BE00E946B8 /* WelcomeViewController.swift */ = {isa = PBXFileReference; lastKnownFileType = sourcecode.swift; path = WelcomeViewController.swift; sourceTree = "<group>"; };
		93359B35297113BE00E946B8 /* Base */ = {isa = PBXFileReference; lastKnownFileType = file.storyboard; name = Base; path = Base.lproj/Main.storyboard; sourceTree = "<group>"; };
		93359B37297113BF00E946B8 /* Assets.xcassets */ = {isa = PBXFileReference; lastKnownFileType = folder.assetcatalog; path = Assets.xcassets; sourceTree = "<group>"; };
		93359B3A297113BF00E946B8 /* Base */ = {isa = PBXFileReference; lastKnownFileType = file.storyboard; name = Base; path = Base.lproj/LaunchScreen.storyboard; sourceTree = "<group>"; };
		93359B3C297113BF00E946B8 /* Info.plist */ = {isa = PBXFileReference; lastKnownFileType = text.plist.xml; path = Info.plist; sourceTree = "<group>"; };
		9345D505297130810054C633 /* LoginViewController.swift */ = {isa = PBXFileReference; lastKnownFileType = sourcecode.swift; path = LoginViewController.swift; sourceTree = "<group>"; };
		9345D50D297138F90054C633 /* ChatViewController.swift */ = {isa = PBXFileReference; lastKnownFileType = sourcecode.swift; path = ChatViewController.swift; sourceTree = "<group>"; };
		937E3BBE297191DB0086765B /* GoogleService-Info.plist */ = {isa = PBXFileReference; fileEncoding = 4; lastKnownFileType = text.plist.xml; name = "GoogleService-Info.plist"; path = "../../GoogleService-Info.plist"; sourceTree = "<group>"; };
		938328732974191C00778A63 /* Utils.swift */ = {isa = PBXFileReference; lastKnownFileType = sourcecode.swift; path = Utils.swift; sourceTree = "<group>"; };
		9383287729741A1000778A63 /* Message.swift */ = {isa = PBXFileReference; lastKnownFileType = sourcecode.swift; path = Message.swift; sourceTree = "<group>"; };
		9383287929741F3000778A63 /* MessageCell.swift */ = {isa = PBXFileReference; lastKnownFileType = sourcecode.swift; path = MessageCell.swift; sourceTree = "<group>"; };
		9383287A29741F3000778A63 /* MessageCell.xib */ = {isa = PBXFileReference; lastKnownFileType = file.xib; path = MessageCell.xib; sourceTree = "<group>"; };
		93FDDA8B297123DF003F6BBE /* RegisterViewController.swift */ = {isa = PBXFileReference; lastKnownFileType = sourcecode.swift; path = RegisterViewController.swift; sourceTree = "<group>"; };
		B108065B4B7F44022A3EFF20 /* Pods-FlashChat Storyboard.debug.xcconfig */ = {isa = PBXFileReference; includeInIndex = 1; lastKnownFileType = text.xcconfig; name = "Pods-FlashChat Storyboard.debug.xcconfig"; path = "Target Support Files/Pods-FlashChat Storyboard/Pods-FlashChat Storyboard.debug.xcconfig"; sourceTree = "<group>"; };
		FC266C8A434543011A7D9D2D /* Pods-FlashChat Storyboard.release.xcconfig */ = {isa = PBXFileReference; includeInIndex = 1; lastKnownFileType = text.xcconfig; name = "Pods-FlashChat Storyboard.release.xcconfig"; path = "Target Support Files/Pods-FlashChat Storyboard/Pods-FlashChat Storyboard.release.xcconfig"; sourceTree = "<group>"; };
/* End PBXFileReference section */

/* Begin PBXFrameworksBuildPhase section */
		93359B28297113BE00E946B8 /* Frameworks */ = {
			isa = PBXFrameworksBuildPhase;
			buildActionMask = 2147483647;
			files = (
				936F94EC29716E6500AA1BB9 /* FirebaseAuth in Frameworks */,
				936F94EE29716E6500AA1BB9 /* FirebaseFirestore in Frameworks */,
				16A832B21F982348E7DC3D37 /* libPods-FlashChat Storyboard.a in Frameworks */,
			);
			runOnlyForDeploymentPostprocessing = 0;
		};
/* End PBXFrameworksBuildPhase section */

/* Begin PBXGroup section */
		3C57C1816125D5DB46AB7924 /* Pods */ = {
			isa = PBXGroup;
			children = (
				B108065B4B7F44022A3EFF20 /* Pods-FlashChat Storyboard.debug.xcconfig */,
				FC266C8A434543011A7D9D2D /* Pods-FlashChat Storyboard.release.xcconfig */,
			);
			name = Pods;
			path = ../Pods;
			sourceTree = "<group>";
		};
		8311B6453F07A6AD4E320D29 /* Frameworks */ = {
			isa = PBXGroup;
			children = (
				3F49630549781ACB32372B41 /* libPods-FlashChat Storyboard.a */,
			);
			name = Frameworks;
			sourceTree = "<group>";
		};
		93359B22297113BE00E946B8 = {
			isa = PBXGroup;
			children = (
				93359B2D297113BE00E946B8 /* FlashChat Storyboard */,
				93359B2C297113BE00E946B8 /* Products */,
				3C57C1816125D5DB46AB7924 /* Pods */,
				8311B6453F07A6AD4E320D29 /* Frameworks */,
			);
			sourceTree = "<group>";
		};
		93359B2C297113BE00E946B8 /* Products */ = {
			isa = PBXGroup;
			children = (
				93359B2B297113BE00E946B8 /* FlashChat Storyboard.app */,
			);
			name = Products;
			sourceTree = "<group>";
		};
		93359B2D297113BE00E946B8 /* FlashChat Storyboard */ = {
			isa = PBXGroup;
			children = (
				93359B2E297113BE00E946B8 /* AppDelegate.swift */,
				93359B30297113BE00E946B8 /* SceneDelegate.swift */,
				938328732974191C00778A63 /* Utils.swift */,
				938328822974343E00778A63 /* Model */,
				938328812974343400778A63 /* View */,
				938328832974344F00778A63 /* Controller */,
				93359B37297113BF00E946B8 /* Assets.xcassets */,
				93359B39297113BF00E946B8 /* LaunchScreen.storyboard */,
				93359B3C297113BF00E946B8 /* Info.plist */,
				937E3BBE297191DB0086765B /* GoogleService-Info.plist */,
			);
			path = "FlashChat Storyboard";
			sourceTree = "<group>";
		};
		938328812974343400778A63 /* View */ = {
			isa = PBXGroup;
			children = (
				93359B34297113BE00E946B8 /* Main.storyboard */,
				9383287A29741F3000778A63 /* MessageCell.xib */,
				9383287929741F3000778A63 /* MessageCell.swift */,
			);
			path = View;
			sourceTree = "<group>";
		};
		938328822974343E00778A63 /* Model */ = {
			isa = PBXGroup;
			children = (
				9383287729741A1000778A63 /* Message.swift */,
			);
			path = Model;
			sourceTree = "<group>";
		};
		938328832974344F00778A63 /* Controller */ = {
			isa = PBXGroup;
			children = (
				93359B32297113BE00E946B8 /* WelcomeViewController.swift */,
				93FDDA8B297123DF003F6BBE /* RegisterViewController.swift */,
				9345D505297130810054C633 /* LoginViewController.swift */,
				9345D50D297138F90054C633 /* ChatViewController.swift */,
			);
			path = Controller;
			sourceTree = "<group>";
		};
/* End PBXGroup section */

/* Begin PBXNativeTarget section */
		93359B2A297113BE00E946B8 /* FlashChat Storyboard */ = {
			isa = PBXNativeTarget;
			buildConfigurationList = 93359B3F297113BF00E946B8 /* Build configuration list for PBXNativeTarget "FlashChat Storyboard" */;
			buildPhases = (
				760EB60C3FCAA359721D17D4 /* [CP] Check Pods Manifest.lock */,
				93359B27297113BE00E946B8 /* Sources */,
				93359B28297113BE00E946B8 /* Frameworks */,
				93359B29297113BE00E946B8 /* Resources */,
			);
			buildRules = (
			);
			dependencies = (
			);
			name = "FlashChat Storyboard";
			packageProductDependencies = (
				936F94EB29716E6500AA1BB9 /* FirebaseAuth */,
				936F94ED29716E6500AA1BB9 /* FirebaseFirestore */,
			);
			productName = "FlashChat Storyboard";
			productReference = 93359B2B297113BE00E946B8 /* FlashChat Storyboard.app */;
			productType = "com.apple.product-type.application";
		};
/* End PBXNativeTarget section */

/* Begin PBXProject section */
		93359B23297113BE00E946B8 /* Project object */ = {
			isa = PBXProject;
			attributes = {
				BuildIndependentTargetsInParallel = 1;
				LastSwiftUpdateCheck = 1420;
				LastUpgradeCheck = 1420;
				TargetAttributes = {
					93359B2A297113BE00E946B8 = {
						CreatedOnToolsVersion = 14.2;
					};
				};
			};
			buildConfigurationList = 93359B26297113BE00E946B8 /* Build configuration list for PBXProject "FlashChat Storyboard" */;
			compatibilityVersion = "Xcode 14.0";
			developmentRegion = en;
			hasScannedForEncodings = 0;
			knownRegions = (
				en,
				Base,
			);
			mainGroup = 93359B22297113BE00E946B8;
			packageReferences = (
				936F94EA29716E6500AA1BB9 /* XCRemoteSwiftPackageReference "firebase-ios-sdk" */,
			);
			productRefGroup = 93359B2C297113BE00E946B8 /* Products */;
			projectDirPath = "";
			projectRoot = "";
			targets = (
				93359B2A297113BE00E946B8 /* FlashChat Storyboard */,
			);
		};
/* End PBXProject section */

/* Begin PBXResourcesBuildPhase section */
		93359B29297113BE00E946B8 /* Resources */ = {
			isa = PBXResourcesBuildPhase;
			buildActionMask = 2147483647;
			files = (
				9383287C29741F3000778A63 /* MessageCell.xib in Resources */,
				93359B3B297113BF00E946B8 /* LaunchScreen.storyboard in Resources */,
				937E3BBF297191DB0086765B /* GoogleService-Info.plist in Resources */,
				93359B38297113BF00E946B8 /* Assets.xcassets in Resources */,
				93359B36297113BE00E946B8 /* Main.storyboard in Resources */,
			);
			runOnlyForDeploymentPostprocessing = 0;
		};
/* End PBXResourcesBuildPhase section */

/* Begin PBXShellScriptBuildPhase section */
		760EB60C3FCAA359721D17D4 /* [CP] Check Pods Manifest.lock */ = {
			isa = PBXShellScriptBuildPhase;
			buildActionMask = 2147483647;
			files = (
			);
			inputFileListPaths = (
			);
			inputPaths = (
				"${PODS_PODFILE_DIR_PATH}/Podfile.lock",
				"${PODS_ROOT}/Manifest.lock",
			);
			name = "[CP] Check Pods Manifest.lock";
			outputFileListPaths = (
			);
			outputPaths = (
				"$(DERIVED_FILE_DIR)/Pods-FlashChat Storyboard-checkManifestLockResult.txt",
			);
			runOnlyForDeploymentPostprocessing = 0;
			shellPath = /bin/sh;
			shellScript = "diff \"${PODS_PODFILE_DIR_PATH}/Podfile.lock\" \"${PODS_ROOT}/Manifest.lock\" > /dev/null\nif [ $? != 0 ] ; then\n    # print error to STDERR\n    echo \"error: The sandbox is not in sync with the Podfile.lock. Run 'pod install' or update your CocoaPods installation.\" >&2\n    exit 1\nfi\n# This output is used by Xcode 'outputs' to avoid re-running this script phase.\necho \"SUCCESS\" > \"${SCRIPT_OUTPUT_FILE_0}\"\n";
			showEnvVarsInLog = 0;
		};
/* End PBXShellScriptBuildPhase section */

/* Begin PBXSourcesBuildPhase section */
		93359B27297113BE00E946B8 /* Sources */ = {
			isa = PBXSourcesBuildPhase;
			buildActionMask = 2147483647;
			files = (
				93359B33297113BE00E946B8 /* WelcomeViewController.swift in Sources */,
				93359B2F297113BE00E946B8 /* AppDelegate.swift in Sources */,
				93359B31297113BE00E946B8 /* SceneDelegate.swift in Sources */,
				9345D506297130810054C633 /* LoginViewController.swift in Sources */,
				938328742974191C00778A63 /* Utils.swift in Sources */,
				9383287829741A1000778A63 /* Message.swift in Sources */,
				9345D50E297138F90054C633 /* ChatViewController.swift in Sources */,
				93FDDA8C297123DF003F6BBE /* RegisterViewController.swift in Sources */,
				9383287B29741F3000778A63 /* MessageCell.swift in Sources */,
			);
			runOnlyForDeploymentPostprocessing = 0;
		};
/* End PBXSourcesBuildPhase section */

/* Begin PBXVariantGroup section */
		93359B34297113BE00E946B8 /* Main.storyboard */ = {
			isa = PBXVariantGroup;
			children = (
				93359B35297113BE00E946B8 /* Base */,
			);
			name = Main.storyboard;
			sourceTree = "<group>";
		};
		93359B39297113BF00E946B8 /* LaunchScreen.storyboard */ = {
			isa = PBXVariantGroup;
			children = (
				93359B3A297113BF00E946B8 /* Base */,
			);
			name = LaunchScreen.storyboard;
			sourceTree = "<group>";
		};
/* End PBXVariantGroup section */

/* Begin XCBuildConfiguration section */
		93359B3D297113BF00E946B8 /* Debug */ = {
			isa = XCBuildConfiguration;
			buildSettings = {
				ALWAYS_SEARCH_USER_PATHS = NO;
				CLANG_ANALYZER_NONNULL = YES;
				CLANG_ANALYZER_NUMBER_OBJECT_CONVERSION = YES_AGGRESSIVE;
				CLANG_CXX_LANGUAGE_STANDARD = "gnu++20";
				CLANG_ENABLE_MODULES = YES;
				CLANG_ENABLE_OBJC_ARC = YES;
				CLANG_ENABLE_OBJC_WEAK = YES;
				CLANG_WARN_BLOCK_CAPTURE_AUTORELEASING = YES;
				CLANG_WARN_BOOL_CONVERSION = YES;
				CLANG_WARN_COMMA = YES;
				CLANG_WARN_CONSTANT_CONVERSION = YES;
				CLANG_WARN_DEPRECATED_OBJC_IMPLEMENTATIONS = YES;
				CLANG_WARN_DIRECT_OBJC_ISA_USAGE = YES_ERROR;
				CLANG_WARN_DOCUMENTATION_COMMENTS = YES;
				CLANG_WARN_EMPTY_BODY = YES;
				CLANG_WARN_ENUM_CONVERSION = YES;
				CLANG_WARN_INFINITE_RECURSION = YES;
				CLANG_WARN_INT_CONVERSION = YES;
				CLANG_WARN_NON_LITERAL_NULL_CONVERSION = YES;
				CLANG_WARN_OBJC_IMPLICIT_RETAIN_SELF = YES;
				CLANG_WARN_OBJC_LITERAL_CONVERSION = YES;
				CLANG_WARN_OBJC_ROOT_CLASS = YES_ERROR;
				CLANG_WARN_QUOTED_INCLUDE_IN_FRAMEWORK_HEADER = YES;
				CLANG_WARN_RANGE_LOOP_ANALYSIS = YES;
				CLANG_WARN_STRICT_PROTOTYPES = YES;
				CLANG_WARN_SUSPICIOUS_MOVE = YES;
				CLANG_WARN_UNGUARDED_AVAILABILITY = YES_AGGRESSIVE;
				CLANG_WARN_UNREACHABLE_CODE = YES;
				CLANG_WARN__DUPLICATE_METHOD_MATCH = YES;
				COPY_PHASE_STRIP = NO;
				DEBUG_INFORMATION_FORMAT = dwarf;
				ENABLE_STRICT_OBJC_MSGSEND = YES;
				ENABLE_TESTABILITY = YES;
				GCC_C_LANGUAGE_STANDARD = gnu11;
				GCC_DYNAMIC_NO_PIC = NO;
				GCC_NO_COMMON_BLOCKS = YES;
				GCC_OPTIMIZATION_LEVEL = 0;
				GCC_PREPROCESSOR_DEFINITIONS = (
					"DEBUG=1",
					"$(inherited)",
				);
				GCC_WARN_64_TO_32_BIT_CONVERSION = YES;
				GCC_WARN_ABOUT_RETURN_TYPE = YES_ERROR;
				GCC_WARN_UNDECLARED_SELECTOR = YES;
				GCC_WARN_UNINITIALIZED_AUTOS = YES_AGGRESSIVE;
				GCC_WARN_UNUSED_FUNCTION = YES;
				GCC_WARN_UNUSED_VARIABLE = YES;
				IPHONEOS_DEPLOYMENT_TARGET = 16.2;
				MTL_ENABLE_DEBUG_INFO = INCLUDE_SOURCE;
				MTL_FAST_MATH = YES;
				ONLY_ACTIVE_ARCH = YES;
				SDKROOT = iphoneos;
				SWIFT_ACTIVE_COMPILATION_CONDITIONS = DEBUG;
				SWIFT_OPTIMIZATION_LEVEL = "-Onone";
			};
			name = Debug;
		};
		93359B3E297113BF00E946B8 /* Release */ = {
			isa = XCBuildConfiguration;
			buildSettings = {
				ALWAYS_SEARCH_USER_PATHS = NO;
				CLANG_ANALYZER_NONNULL = YES;
				CLANG_ANALYZER_NUMBER_OBJECT_CONVERSION = YES_AGGRESSIVE;
				CLANG_CXX_LANGUAGE_STANDARD = "gnu++20";
				CLANG_ENABLE_MODULES = YES;
				CLANG_ENABLE_OBJC_ARC = YES;
				CLANG_ENABLE_OBJC_WEAK = YES;
				CLANG_WARN_BLOCK_CAPTURE_AUTORELEASING = YES;
				CLANG_WARN_BOOL_CONVERSION = YES;
				CLANG_WARN_COMMA = YES;
				CLANG_WARN_CONSTANT_CONVERSION = YES;
				CLANG_WARN_DEPRECATED_OBJC_IMPLEMENTATIONS = YES;
				CLANG_WARN_DIRECT_OBJC_ISA_USAGE = YES_ERROR;
				CLANG_WARN_DOCUMENTATION_COMMENTS = YES;
				CLANG_WARN_EMPTY_BODY = YES;
				CLANG_WARN_ENUM_CONVERSION = YES;
				CLANG_WARN_INFINITE_RECURSION = YES;
				CLANG_WARN_INT_CONVERSION = YES;
				CLANG_WARN_NON_LITERAL_NULL_CONVERSION = YES;
				CLANG_WARN_OBJC_IMPLICIT_RETAIN_SELF = YES;
				CLANG_WARN_OBJC_LITERAL_CONVERSION = YES;
				CLANG_WARN_OBJC_ROOT_CLASS = YES_ERROR;
				CLANG_WARN_QUOTED_INCLUDE_IN_FRAMEWORK_HEADER = YES;
				CLANG_WARN_RANGE_LOOP_ANALYSIS = YES;
				CLANG_WARN_STRICT_PROTOTYPES = YES;
				CLANG_WARN_SUSPICIOUS_MOVE = YES;
				CLANG_WARN_UNGUARDED_AVAILABILITY = YES_AGGRESSIVE;
				CLANG_WARN_UNREACHABLE_CODE = YES;
				CLANG_WARN__DUPLICATE_METHOD_MATCH = YES;
				COPY_PHASE_STRIP = NO;
				DEBUG_INFORMATION_FORMAT = "dwarf-with-dsym";
				ENABLE_NS_ASSERTIONS = NO;
				ENABLE_STRICT_OBJC_MSGSEND = YES;
				GCC_C_LANGUAGE_STANDARD = gnu11;
				GCC_NO_COMMON_BLOCKS = YES;
				GCC_WARN_64_TO_32_BIT_CONVERSION = YES;
				GCC_WARN_ABOUT_RETURN_TYPE = YES_ERROR;
				GCC_WARN_UNDECLARED_SELECTOR = YES;
				GCC_WARN_UNINITIALIZED_AUTOS = YES_AGGRESSIVE;
				GCC_WARN_UNUSED_FUNCTION = YES;
				GCC_WARN_UNUSED_VARIABLE = YES;
				IPHONEOS_DEPLOYMENT_TARGET = 16.2;
				MTL_ENABLE_DEBUG_INFO = NO;
				MTL_FAST_MATH = YES;
				SDKROOT = iphoneos;
				SWIFT_COMPILATION_MODE = wholemodule;
				SWIFT_OPTIMIZATION_LEVEL = "-O";
				VALIDATE_PRODUCT = YES;
			};
			name = Release;
		};
		93359B40297113BF00E946B8 /* Debug */ = {
			isa = XCBuildConfiguration;
			baseConfigurationReference = B108065B4B7F44022A3EFF20 /* Pods-FlashChat Storyboard.debug.xcconfig */;
			buildSettings = {
				ASSETCATALOG_COMPILER_APPICON_NAME = AppIcon;
				ASSETCATALOG_COMPILER_GLOBAL_ACCENT_COLOR_NAME = AccentColor;
				CODE_SIGN_STYLE = Automatic;
				CURRENT_PROJECT_VERSION = 1;
				GENERATE_INFOPLIST_FILE = YES;
				INFOPLIST_FILE = "FlashChat Storyboard/Info.plist";
				INFOPLIST_KEY_UIApplicationSupportsIndirectInputEvents = YES;
				INFOPLIST_KEY_UILaunchStoryboardName = LaunchScreen;
				INFOPLIST_KEY_UIMainStoryboardFile = Main;
				INFOPLIST_KEY_UISupportedInterfaceOrientations_iPad = "UIInterfaceOrientationPortrait UIInterfaceOrientationPortraitUpsideDown UIInterfaceOrientationLandscapeLeft UIInterfaceOrientationLandscapeRight";
				INFOPLIST_KEY_UISupportedInterfaceOrientations_iPhone = "UIInterfaceOrientationPortrait UIInterfaceOrientationLandscapeLeft UIInterfaceOrientationLandscapeRight";
				LD_RUNPATH_SEARCH_PATHS = (
					"$(inherited)",
					"@executable_path/Frameworks",
				);
				MARKETING_VERSION = 1.0;
				PRODUCT_BUNDLE_IDENTIFIER = "com.example.FlashChat-Storyboard";
				PRODUCT_NAME = "$(TARGET_NAME)";
				SWIFT_EMIT_LOC_STRINGS = YES;
				SWIFT_VERSION = 5.0;
				TARGETED_DEVICE_FAMILY = "1,2";
			};
			name = Debug;
		};
		93359B41297113BF00E946B8 /* Release */ = {
			isa = XCBuildConfiguration;
			baseConfigurationReference = FC266C8A434543011A7D9D2D /* Pods-FlashChat Storyboard.release.xcconfig */;
			buildSettings = {
				ASSETCATALOG_COMPILER_APPICON_NAME = AppIcon;
				ASSETCATALOG_COMPILER_GLOBAL_ACCENT_COLOR_NAME = AccentColor;
				CODE_SIGN_STYLE = Automatic;
				CURRENT_PROJECT_VERSION = 1;
				GENERATE_INFOPLIST_FILE = YES;
				INFOPLIST_FILE = "FlashChat Storyboard/Info.plist";
				INFOPLIST_KEY_UIApplicationSupportsIndirectInputEvents = YES;
				INFOPLIST_KEY_UILaunchStoryboardName = LaunchScreen;
				INFOPLIST_KEY_UIMainStoryboardFile = Main;
				INFOPLIST_KEY_UISupportedInterfaceOrientations_iPad = "UIInterfaceOrientationPortrait UIInterfaceOrientationPortraitUpsideDown UIInterfaceOrientationLandscapeLeft UIInterfaceOrientationLandscapeRight";
				INFOPLIST_KEY_UISupportedInterfaceOrientations_iPhone = "UIInterfaceOrientationPortrait UIInterfaceOrientationLandscapeLeft UIInterfaceOrientationLandscapeRight";
				LD_RUNPATH_SEARCH_PATHS = (
					"$(inherited)",
					"@executable_path/Frameworks",
				);
				MARKETING_VERSION = 1.0;
				PRODUCT_BUNDLE_IDENTIFIER = "com.example.FlashChat-Storyboard";
				PRODUCT_NAME = "$(TARGET_NAME)";
				SWIFT_EMIT_LOC_STRINGS = YES;
				SWIFT_VERSION = 5.0;
				TARGETED_DEVICE_FAMILY = "1,2";
			};
			name = Release;
		};
/* End XCBuildConfiguration section */

/* Begin XCConfigurationList section */
		93359B26297113BE00E946B8 /* Build configuration list for PBXProject "FlashChat Storyboard" */ = {
			isa = XCConfigurationList;
			buildConfigurations = (
				93359B3D297113BF00E946B8 /* Debug */,
				93359B3E297113BF00E946B8 /* Release */,
			);
			defaultConfigurationIsVisible = 0;
			defaultConfigurationName = Release;
		};
		93359B3F297113BF00E946B8 /* Build configuration list for PBXNativeTarget "FlashChat Storyboard" */ = {
			isa = XCConfigurationList;
			buildConfigurations = (
				93359B40297113BF00E946B8 /* Debug */,
				93359B41297113BF00E946B8 /* Release */,
			);
			defaultConfigurationIsVisible = 0;
			defaultConfigurationName = Release;
		};
/* End XCConfigurationList section */

/* Begin XCRemoteSwiftPackageReference section */
		936F94EA29716E6500AA1BB9 /* XCRemoteSwiftPackageReference "firebase-ios-sdk" */ = {
			isa = XCRemoteSwiftPackageReference;
			repositoryURL = "https://github.com/firebase/firebase-ios-sdk";
			requirement = {
				kind = upToNextMajorVersion;
				minimumVersion = 9.0.0;
			};
		};
/* End XCRemoteSwiftPackageReference section */

/* Begin XCSwiftPackageProductDependency section */
		936F94EB29716E6500AA1BB9 /* FirebaseAuth */ = {
			isa = XCSwiftPackageProductDependency;
			package = 936F94EA29716E6500AA1BB9 /* XCRemoteSwiftPackageReference "firebase-ios-sdk" */;
			productName = FirebaseAuth;
		};
		936F94ED29716E6500AA1BB9 /* FirebaseFirestore */ = {
			isa = XCSwiftPackageProductDependency;
			package = 936F94EA29716E6500AA1BB9 /* XCRemoteSwiftPackageReference "firebase-ios-sdk" */;
			productName = FirebaseFirestore;
		};
/* End XCSwiftPackageProductDependency section */
	};
	rootObject = 93359B23297113BE00E946B8 /* Project object */;
}
